
Microsoft Visual Studio Solution File, Format Version 12.00
# Visual Studio Version 17
VisualStudioVersion = 17.3.32929.385
MinimumVisualStudioVersion = 10.0.40219.1
Project("{9A19103F-16F7-4668-BE54-9A1E7A4F7556}") = "HD.HRM.Domain", "src\HD.HRM.Domain\HD.HRM.Domain.csproj", "{554AD327-6DBA-4F8F-96F8-81CE7A0C863F}"
EndProject
Project("{9A19103F-16F7-4668-BE54-9A1E7A4F7556}") = "Volo.Abp.AspNetCore.Mvc.UI.Theme.Basic.Demo", "modules\Volo.BasicTheme\test\Volo.Abp.AspNetCore.Mvc.UI.Theme.Basic.Demo\Volo.Abp.AspNetCore.Mvc.UI.Theme.Basic.Demo.csproj", "{C70B72A7-AF93-479A-BD58-7A69FD3A7F77}"
EndProject
Project("{9A19103F-16F7-4668-BE54-9A1E7A4F7556}") = "Volo.Abp.AspNetCore.Mvc.UI.Bootstrap.Demo.Tests", "modules\Volo.BasicTheme\test\Volo.Abp.AspNetCore.Mvc.UI.Bootstrap.Demo.Tests\Volo.Abp.AspNetCore.Mvc.UI.Bootstrap.Demo.Tests.csproj", "{7FFAC2F9-7AB3-4CDF-B2E7-4542F354B8A0}"
EndProject
Project("{9A19103F-16F7-4668-BE54-9A1E7A4F7556}") = "Volo.Abp.AspNetCore.Mvc.UI.Bootstrap.Demo", "modules\Volo.BasicTheme\test\Volo.Abp.AspNetCore.Mvc.UI.Bootstrap.Demo\Volo.Abp.AspNetCore.Mvc.UI.Bootstrap.Demo.csproj", "{695B49AC-EF2E-44EE-B7B6-AC8B8EE778CA}"
EndProject
Project("{9A19103F-16F7-4668-BE54-9A1E7A4F7556}") = "Volo.Abp.BasicTheme.Installer", "modules\Volo.BasicTheme\src\Volo.Abp.BasicTheme.Installer\Volo.Abp.BasicTheme.Installer.csproj", "{6C11AB91-424A-4C14-99DD-54430E1672E0}"
EndProject
Project("{9A19103F-16F7-4668-BE54-9A1E7A4F7556}") = "Volo.Abp.AspNetCore.Mvc.UI.Theme.Basic", "modules\Volo.BasicTheme\src\Volo.Abp.AspNetCore.Mvc.UI.Theme.Basic\Volo.Abp.AspNetCore.Mvc.UI.Theme.Basic.csproj", "{AF0B4EC2-AAA4-4FC2-8B54-37DE176690D1}"
EndProject
Project("{9A19103F-16F7-4668-BE54-9A1E7A4F7556}") = "Volo.Abp.AspNetCore.Components.WebAssembly.BasicTheme", "modules\Volo.BasicTheme\src\Volo.Abp.AspNetCore.Components.WebAssembly.BasicTheme\Volo.Abp.AspNetCore.Components.WebAssembly.BasicTheme.csproj", "{D1D91DA3-5215-4D95-9C48-9B41C0240D09}"
EndProject
Project("{9A19103F-16F7-4668-BE54-9A1E7A4F7556}") = "Volo.Abp.AspNetCore.Components.Web.BasicTheme", "modules\Volo.BasicTheme\src\Volo.Abp.AspNetCore.Components.Web.BasicTheme\Volo.Abp.AspNetCore.Components.Web.BasicTheme.csproj", "{BA44A32A-ABD7-4EF8-B0ED-3FADA6B50547}"
EndProject
Project("{9A19103F-16F7-4668-BE54-9A1E7A4F7556}") = "Volo.Abp.AspNetCore.Components.Server.BasicTheme", "modules\Volo.BasicTheme\src\Volo.Abp.AspNetCore.Components.Server.BasicTheme\Volo.Abp.AspNetCore.Components.Server.BasicTheme.csproj", "{8001159A-3E6B-4190-B673-B0D1F05C738D}"
EndProject
Project("{2150E333-8FDC-42A3-9474-1A3956D46DE8}") = "Volo.BasicTheme.Tests", "Volo.BasicTheme.Tests", "{CFEA5189-1A21-4E9F-A6ED-3C09A297FA6F}"
EndProject
Project("{2150E333-8FDC-42A3-9474-1A3956D46DE8}") = "Volo.BasicTheme", "Volo.BasicTheme", "{CE0FCAA2-FDC9-4061-9F7F-2F388A33A382}"
EndProject
Project("{9A19103F-16F7-4668-BE54-9A1E7A4F7556}") = "HD.Profiles.TestBase", "modules\HD.Profiles\test\HD.Profiles.TestBase\HD.Profiles.TestBase.csproj", "{1DEB76C8-519D-4AD2-8903-1980D008B0CE}"
EndProject
Project("{9A19103F-16F7-4668-BE54-9A1E7A4F7556}") = "HD.Profiles.HttpApi.Client.ConsoleTestApp", "modules\HD.Profiles\test\HD.Profiles.HttpApi.Client.ConsoleTestApp\HD.Profiles.HttpApi.Client.ConsoleTestApp.csproj", "{B0F5918F-FA99-41CD-A97E-AE07E745699B}"
EndProject
Project("{9A19103F-16F7-4668-BE54-9A1E7A4F7556}") = "HD.Profiles.EntityFrameworkCore.Tests", "modules\HD.Profiles\test\HD.Profiles.EntityFrameworkCore.Tests\HD.Profiles.EntityFrameworkCore.Tests.csproj", "{1E92AA0C-4429-4E27-B7C6-91BBE0562313}"
EndProject
Project("{9A19103F-16F7-4668-BE54-9A1E7A4F7556}") = "HD.Profiles.Domain.Tests", "modules\HD.Profiles\test\HD.Profiles.Domain.Tests\HD.Profiles.Domain.Tests.csproj", "{6A6D9720-2F13-4E73-82E7-0637ED6515D6}"
EndProject
Project("{9A19103F-16F7-4668-BE54-9A1E7A4F7556}") = "HD.Profiles.Application.Tests", "modules\HD.Profiles\test\HD.Profiles.Application.Tests\HD.Profiles.Application.Tests.csproj", "{79E4B63D-061D-4E0B-805A-D6C66C7A2DD6}"
EndProject
Project("{9A19103F-16F7-4668-BE54-9A1E7A4F7556}") = "HD.Profiles.Web", "modules\HD.Profiles\src\HD.Profiles.Web\HD.Profiles.Web.csproj", "{A49ABB76-2DA9-4C82-9164-6AE84B05EA64}"
EndProject
Project("{9A19103F-16F7-4668-BE54-9A1E7A4F7556}") = "HD.Profiles.Installer", "modules\HD.Profiles\src\HD.Profiles.Installer\HD.Profiles.Installer.csproj", "{6C0C579B-A41E-42D2-852C-EC384F23AEEC}"
EndProject
Project("{9A19103F-16F7-4668-BE54-9A1E7A4F7556}") = "HD.Profiles.HttpApi.Client", "modules\HD.Profiles\src\HD.Profiles.HttpApi.Client\HD.Profiles.HttpApi.Client.csproj", "{C915C591-AC30-43F6-8C48-1DD725C1A373}"
EndProject
Project("{9A19103F-16F7-4668-BE54-9A1E7A4F7556}") = "HD.Profiles.HttpApi", "modules\HD.Profiles\src\HD.Profiles.HttpApi\HD.Profiles.HttpApi.csproj", "{907EB295-D048-4777-BB75-32133ECD52C4}"
EndProject
Project("{9A19103F-16F7-4668-BE54-9A1E7A4F7556}") = "HD.Profiles.EntityFrameworkCore", "modules\HD.Profiles\src\HD.Profiles.EntityFrameworkCore\HD.Profiles.EntityFrameworkCore.csproj", "{A2B0D7E8-A708-4733-BC64-51050482C599}"
EndProject
Project("{9A19103F-16F7-4668-BE54-9A1E7A4F7556}") = "HD.Profiles.Domain.Shared", "modules\HD.Profiles\src\HD.Profiles.Domain.Shared\HD.Profiles.Domain.Shared.csproj", "{A73A394F-0918-478A-BD45-DE10C1470A93}"
EndProject
Project("{9A19103F-16F7-4668-BE54-9A1E7A4F7556}") = "HD.Profiles.Domain", "modules\HD.Profiles\src\HD.Profiles.Domain\HD.Profiles.Domain.csproj", "{8B5A04EF-0CDD-47EE-AD66-13D3F6322C0C}"
EndProject
Project("{9A19103F-16F7-4668-BE54-9A1E7A4F7556}") = "HD.Profiles.Application.Contracts", "modules\HD.Profiles\src\HD.Profiles.Application.Contracts\HD.Profiles.Application.Contracts.csproj", "{A359BF85-EBEC-451B-8A6E-EAF99553647F}"
EndProject
Project("{9A19103F-16F7-4668-BE54-9A1E7A4F7556}") = "HD.Profiles.Application", "modules\HD.Profiles\src\HD.Profiles.Application\HD.Profiles.Application.csproj", "{94DF0B17-2441-4FB9-B2AC-614431578406}"
EndProject
Project("{2150E333-8FDC-42A3-9474-1A3956D46DE8}") = "HD.Profiles.Tests", "HD.Profiles.Tests", "{E745CC67-2CA8-43A0-BC7D-B686397E6A15}"
EndProject
Project("{2150E333-8FDC-42A3-9474-1A3956D46DE8}") = "HD.Profiles", "HD.Profiles", "{75C75F73-69B5-43C8-B0D0-3C8B52752AEF}"
EndProject
Project("{2150E333-8FDC-42A3-9474-1A3956D46DE8}") = "modules", "modules", "{A7BB9A19-4018-493B-8DA2-420A09693E3D}"
EndProject
Project("{9A19103F-16F7-4668-BE54-9A1E7A4F7556}") = "HD.HRM.Application", "src\HD.HRM.Application\HD.HRM.Application.csproj", "{1A94A50E-06DC-43C1-80B5-B662820EC3EB}"
EndProject
Project("{9A19103F-16F7-4668-BE54-9A1E7A4F7556}") = "HD.HRM.EntityFrameworkCore", "src\HD.HRM.EntityFrameworkCore\HD.HRM.EntityFrameworkCore.csproj", "{C956DD76-69C8-4A9C-83EA-D17DF83340FD}"
EndProject
Project("{9A19103F-16F7-4668-BE54-9A1E7A4F7556}") = "HD.HRM.Web", "src\HD.HRM.Web\HD.HRM.Web.csproj", "{068855E8-9240-4F1A-910B-CF825794513B}"
EndProject
Project("{2150E333-8FDC-42A3-9474-1A3956D46DE8}") = "src", "src", "{CA9AC87F-097E-4F15-8393-4BC07735A5B0}"
EndProject
Project("{2150E333-8FDC-42A3-9474-1A3956D46DE8}") = "test", "test", "{04DBDB01-70F4-4E06-B468-8F87850B22BE}"
EndProject
Project("{9A19103F-16F7-4668-BE54-9A1E7A4F7556}") = "HD.HRM.Application.Tests", "test\HD.HRM.Application.Tests\HD.HRM.Application.Tests.csproj", "{50B2631D-129C-47B3-A587-029CCD6099BC}"
EndProject
Project("{9A19103F-16F7-4668-BE54-9A1E7A4F7556}") = "HD.HRM.Web.Tests", "test\HD.HRM.Web.Tests\HD.HRM.Web.Tests.csproj", "{5F1B28C6-8D0C-4155-92D0-252F7EA5F674}"
EndProject
Project("{9A19103F-16F7-4668-BE54-9A1E7A4F7556}") = "HD.HRM.Domain.Shared", "src\HD.HRM.Domain.Shared\HD.HRM.Domain.Shared.csproj", "{42F719ED-8413-4895-B5B4-5AB56079BC66}"
EndProject
Project("{9A19103F-16F7-4668-BE54-9A1E7A4F7556}") = "HD.HRM.Application.Contracts", "src\HD.HRM.Application.Contracts\HD.HRM.Application.Contracts.csproj", "{520659C8-C734-4298-A3DA-B539DB9DFC0B}"
EndProject
Project("{9A19103F-16F7-4668-BE54-9A1E7A4F7556}") = "HD.HRM.HttpApi", "src\HD.HRM.HttpApi\HD.HRM.HttpApi.csproj", "{4164BDF7-F527-4E85-9CE6-E3C2D7426A27}"
EndProject
Project("{9A19103F-16F7-4668-BE54-9A1E7A4F7556}") = "HD.HRM.HttpApi.Client", "src\HD.HRM.HttpApi.Client\HD.HRM.HttpApi.Client.csproj", "{3B5A0094-670D-4BB1-BFDD-61B88A8773DC}"
EndProject
Project("{9A19103F-16F7-4668-BE54-9A1E7A4F7556}") = "HD.HRM.EntityFrameworkCore.Tests", "test\HD.HRM.EntityFrameworkCore.Tests\HD.HRM.EntityFrameworkCore.Tests.csproj", "{1FE30EB9-74A9-47F5-A9F6-7B1FAB672D81}"
EndProject
Project("{9A19103F-16F7-4668-BE54-9A1E7A4F7556}") = "HD.HRM.TestBase", "test\HD.HRM.TestBase\HD.HRM.TestBase.csproj", "{91853F21-9CD9-4132-BC29-A7D5D84FFFE7}"
EndProject
Project("{9A19103F-16F7-4668-BE54-9A1E7A4F7556}") = "HD.HRM.Domain.Tests", "test\HD.HRM.Domain.Tests\HD.HRM.Domain.Tests.csproj", "{E512F4D9-9375-480F-A2F6-A46509F9D824}"
EndProject
Project("{9A19103F-16F7-4668-BE54-9A1E7A4F7556}") = "HD.HRM.HttpApi.Client.ConsoleTestApp", "test\HD.HRM.HttpApi.Client.ConsoleTestApp\HD.HRM.HttpApi.Client.ConsoleTestApp.csproj", "{EF480016-9127-4916-8735-D2466BDBC582}"
EndProject
Project("{9A19103F-16F7-4668-BE54-9A1E7A4F7556}") = "HD.HRM.DbMigrator", "src\HD.HRM.DbMigrator\HD.HRM.DbMigrator.csproj", "{AA94D832-1CCC-4715-95A9-A483F23A1A5D}"
EndProject
Global
	GlobalSection(SolutionConfigurationPlatforms) = preSolution
		Debug|Any CPU = Debug|Any CPU
		Release|Any CPU = Release|Any CPU
	EndGlobalSection
	GlobalSection(ProjectConfigurationPlatforms) = postSolution
		{554AD327-6DBA-4F8F-96F8-81CE7A0C863F}.Debug|Any CPU.ActiveCfg = Debug|Any CPU
		{554AD327-6DBA-4F8F-96F8-81CE7A0C863F}.Debug|Any CPU.Build.0 = Debug|Any CPU
		{554AD327-6DBA-4F8F-96F8-81CE7A0C863F}.Release|Any CPU.ActiveCfg = Release|Any CPU
		{554AD327-6DBA-4F8F-96F8-81CE7A0C863F}.Release|Any CPU.Build.0 = Release|Any CPU
		{C70B72A7-AF93-479A-BD58-7A69FD3A7F77}.Debug|Any CPU.ActiveCfg = Debug|Any CPU
		{C70B72A7-AF93-479A-BD58-7A69FD3A7F77}.Debug|Any CPU.Build.0 = Debug|Any CPU
		{C70B72A7-AF93-479A-BD58-7A69FD3A7F77}.Release|Any CPU.ActiveCfg = Release|Any CPU
		{C70B72A7-AF93-479A-BD58-7A69FD3A7F77}.Release|Any CPU.Build.0 = Release|Any CPU
		{7FFAC2F9-7AB3-4CDF-B2E7-4542F354B8A0}.Debug|Any CPU.ActiveCfg = Debug|Any CPU
		{7FFAC2F9-7AB3-4CDF-B2E7-4542F354B8A0}.Debug|Any CPU.Build.0 = Debug|Any CPU
		{7FFAC2F9-7AB3-4CDF-B2E7-4542F354B8A0}.Release|Any CPU.ActiveCfg = Release|Any CPU
		{7FFAC2F9-7AB3-4CDF-B2E7-4542F354B8A0}.Release|Any CPU.Build.0 = Release|Any CPU
		{695B49AC-EF2E-44EE-B7B6-AC8B8EE778CA}.Debug|Any CPU.ActiveCfg = Debug|Any CPU
		{695B49AC-EF2E-44EE-B7B6-AC8B8EE778CA}.Debug|Any CPU.Build.0 = Debug|Any CPU
		{695B49AC-EF2E-44EE-B7B6-AC8B8EE778CA}.Release|Any CPU.ActiveCfg = Release|Any CPU
		{695B49AC-EF2E-44EE-B7B6-AC8B8EE778CA}.Release|Any CPU.Build.0 = Release|Any CPU
		{6C11AB91-424A-4C14-99DD-54430E1672E0}.Debug|Any CPU.ActiveCfg = Debug|Any CPU
		{6C11AB91-424A-4C14-99DD-54430E1672E0}.Debug|Any CPU.Build.0 = Debug|Any CPU
		{6C11AB91-424A-4C14-99DD-54430E1672E0}.Release|Any CPU.ActiveCfg = Release|Any CPU
		{6C11AB91-424A-4C14-99DD-54430E1672E0}.Release|Any CPU.Build.0 = Release|Any CPU
		{AF0B4EC2-AAA4-4FC2-8B54-37DE176690D1}.Debug|Any CPU.ActiveCfg = Debug|Any CPU
		{AF0B4EC2-AAA4-4FC2-8B54-37DE176690D1}.Debug|Any CPU.Build.0 = Debug|Any CPU
		{AF0B4EC2-AAA4-4FC2-8B54-37DE176690D1}.Release|Any CPU.ActiveCfg = Release|Any CPU
		{AF0B4EC2-AAA4-4FC2-8B54-37DE176690D1}.Release|Any CPU.Build.0 = Release|Any CPU
		{D1D91DA3-5215-4D95-9C48-9B41C0240D09}.Debug|Any CPU.ActiveCfg = Debug|Any CPU
		{D1D91DA3-5215-4D95-9C48-9B41C0240D09}.Debug|Any CPU.Build.0 = Debug|Any CPU
		{D1D91DA3-5215-4D95-9C48-9B41C0240D09}.Release|Any CPU.ActiveCfg = Release|Any CPU
		{D1D91DA3-5215-4D95-9C48-9B41C0240D09}.Release|Any CPU.Build.0 = Release|Any CPU
		{BA44A32A-ABD7-4EF8-B0ED-3FADA6B50547}.Debug|Any CPU.ActiveCfg = Debug|Any CPU
		{BA44A32A-ABD7-4EF8-B0ED-3FADA6B50547}.Debug|Any CPU.Build.0 = Debug|Any CPU
		{BA44A32A-ABD7-4EF8-B0ED-3FADA6B50547}.Release|Any CPU.ActiveCfg = Release|Any CPU
		{BA44A32A-ABD7-4EF8-B0ED-3FADA6B50547}.Release|Any CPU.Build.0 = Release|Any CPU
		{8001159A-3E6B-4190-B673-B0D1F05C738D}.Debug|Any CPU.ActiveCfg = Debug|Any CPU
		{8001159A-3E6B-4190-B673-B0D1F05C738D}.Debug|Any CPU.Build.0 = Debug|Any CPU
		{8001159A-3E6B-4190-B673-B0D1F05C738D}.Release|Any CPU.ActiveCfg = Release|Any CPU
		{8001159A-3E6B-4190-B673-B0D1F05C738D}.Release|Any CPU.Build.0 = Release|Any CPU
		{1DEB76C8-519D-4AD2-8903-1980D008B0CE}.Debug|Any CPU.ActiveCfg = Debug|Any CPU
		{1DEB76C8-519D-4AD2-8903-1980D008B0CE}.Debug|Any CPU.Build.0 = Debug|Any CPU
		{1DEB76C8-519D-4AD2-8903-1980D008B0CE}.Release|Any CPU.ActiveCfg = Release|Any CPU
		{1DEB76C8-519D-4AD2-8903-1980D008B0CE}.Release|Any CPU.Build.0 = Release|Any CPU
		{B0F5918F-FA99-41CD-A97E-AE07E745699B}.Debug|Any CPU.ActiveCfg = Debug|Any CPU
		{B0F5918F-FA99-41CD-A97E-AE07E745699B}.Debug|Any CPU.Build.0 = Debug|Any CPU
		{B0F5918F-FA99-41CD-A97E-AE07E745699B}.Release|Any CPU.ActiveCfg = Release|Any CPU
		{B0F5918F-FA99-41CD-A97E-AE07E745699B}.Release|Any CPU.Build.0 = Release|Any CPU
		{1E92AA0C-4429-4E27-B7C6-91BBE0562313}.Debug|Any CPU.ActiveCfg = Debug|Any CPU
		{1E92AA0C-4429-4E27-B7C6-91BBE0562313}.Debug|Any CPU.Build.0 = Debug|Any CPU
		{1E92AA0C-4429-4E27-B7C6-91BBE0562313}.Release|Any CPU.ActiveCfg = Release|Any CPU
		{1E92AA0C-4429-4E27-B7C6-91BBE0562313}.Release|Any CPU.Build.0 = Release|Any CPU
		{6A6D9720-2F13-4E73-82E7-0637ED6515D6}.Debug|Any CPU.ActiveCfg = Debug|Any CPU
		{6A6D9720-2F13-4E73-82E7-0637ED6515D6}.Debug|Any CPU.Build.0 = Debug|Any CPU
		{6A6D9720-2F13-4E73-82E7-0637ED6515D6}.Release|Any CPU.ActiveCfg = Release|Any CPU
		{6A6D9720-2F13-4E73-82E7-0637ED6515D6}.Release|Any CPU.Build.0 = Release|Any CPU
		{79E4B63D-061D-4E0B-805A-D6C66C7A2DD6}.Debug|Any CPU.ActiveCfg = Debug|Any CPU
		{79E4B63D-061D-4E0B-805A-D6C66C7A2DD6}.Debug|Any CPU.Build.0 = Debug|Any CPU
		{79E4B63D-061D-4E0B-805A-D6C66C7A2DD6}.Release|Any CPU.ActiveCfg = Release|Any CPU
		{79E4B63D-061D-4E0B-805A-D6C66C7A2DD6}.Release|Any CPU.Build.0 = Release|Any CPU
		{A49ABB76-2DA9-4C82-9164-6AE84B05EA64}.Debug|Any CPU.ActiveCfg = Debug|Any CPU
		{A49ABB76-2DA9-4C82-9164-6AE84B05EA64}.Debug|Any CPU.Build.0 = Debug|Any CPU
		{A49ABB76-2DA9-4C82-9164-6AE84B05EA64}.Release|Any CPU.ActiveCfg = Release|Any CPU
		{A49ABB76-2DA9-4C82-9164-6AE84B05EA64}.Release|Any CPU.Build.0 = Release|Any CPU
		{6C0C579B-A41E-42D2-852C-EC384F23AEEC}.Debug|Any CPU.ActiveCfg = Debug|Any CPU
		{6C0C579B-A41E-42D2-852C-EC384F23AEEC}.Debug|Any CPU.Build.0 = Debug|Any CPU
		{6C0C579B-A41E-42D2-852C-EC384F23AEEC}.Release|Any CPU.ActiveCfg = Release|Any CPU
		{6C0C579B-A41E-42D2-852C-EC384F23AEEC}.Release|Any CPU.Build.0 = Release|Any CPU
		{C915C591-AC30-43F6-8C48-1DD725C1A373}.Debug|Any CPU.ActiveCfg = Debug|Any CPU
		{C915C591-AC30-43F6-8C48-1DD725C1A373}.Debug|Any CPU.Build.0 = Debug|Any CPU
		{C915C591-AC30-43F6-8C48-1DD725C1A373}.Release|Any CPU.ActiveCfg = Release|Any CPU
		{C915C591-AC30-43F6-8C48-1DD725C1A373}.Release|Any CPU.Build.0 = Release|Any CPU
		{907EB295-D048-4777-BB75-32133ECD52C4}.Debug|Any CPU.ActiveCfg = Debug|Any CPU
		{907EB295-D048-4777-BB75-32133ECD52C4}.Debug|Any CPU.Build.0 = Debug|Any CPU
		{907EB295-D048-4777-BB75-32133ECD52C4}.Release|Any CPU.ActiveCfg = Release|Any CPU
		{907EB295-D048-4777-BB75-32133ECD52C4}.Release|Any CPU.Build.0 = Release|Any CPU
		{A2B0D7E8-A708-4733-BC64-51050482C599}.Debug|Any CPU.ActiveCfg = Debug|Any CPU
		{A2B0D7E8-A708-4733-BC64-51050482C599}.Debug|Any CPU.Build.0 = Debug|Any CPU
		{A2B0D7E8-A708-4733-BC64-51050482C599}.Release|Any CPU.ActiveCfg = Release|Any CPU
		{A2B0D7E8-A708-4733-BC64-51050482C599}.Release|Any CPU.Build.0 = Release|Any CPU
		{A73A394F-0918-478A-BD45-DE10C1470A93}.Debug|Any CPU.ActiveCfg = Debug|Any CPU
		{A73A394F-0918-478A-BD45-DE10C1470A93}.Debug|Any CPU.Build.0 = Debug|Any CPU
		{A73A394F-0918-478A-BD45-DE10C1470A93}.Release|Any CPU.ActiveCfg = Release|Any CPU
		{A73A394F-0918-478A-BD45-DE10C1470A93}.Release|Any CPU.Build.0 = Release|Any CPU
		{8B5A04EF-0CDD-47EE-AD66-13D3F6322C0C}.Debug|Any CPU.ActiveCfg = Debug|Any CPU
		{8B5A04EF-0CDD-47EE-AD66-13D3F6322C0C}.Debug|Any CPU.Build.0 = Debug|Any CPU
		{8B5A04EF-0CDD-47EE-AD66-13D3F6322C0C}.Release|Any CPU.ActiveCfg = Release|Any CPU
		{8B5A04EF-0CDD-47EE-AD66-13D3F6322C0C}.Release|Any CPU.Build.0 = Release|Any CPU
		{A359BF85-EBEC-451B-8A6E-EAF99553647F}.Debug|Any CPU.ActiveCfg = Debug|Any CPU
		{A359BF85-EBEC-451B-8A6E-EAF99553647F}.Debug|Any CPU.Build.0 = Debug|Any CPU
		{A359BF85-EBEC-451B-8A6E-EAF99553647F}.Release|Any CPU.ActiveCfg = Release|Any CPU
		{A359BF85-EBEC-451B-8A6E-EAF99553647F}.Release|Any CPU.Build.0 = Release|Any CPU
		{94DF0B17-2441-4FB9-B2AC-614431578406}.Debug|Any CPU.ActiveCfg = Debug|Any CPU
		{94DF0B17-2441-4FB9-B2AC-614431578406}.Debug|Any CPU.Build.0 = Debug|Any CPU
		{94DF0B17-2441-4FB9-B2AC-614431578406}.Release|Any CPU.ActiveCfg = Release|Any CPU
		{94DF0B17-2441-4FB9-B2AC-614431578406}.Release|Any CPU.Build.0 = Release|Any CPU
		{1A94A50E-06DC-43C1-80B5-B662820EC3EB}.Debug|Any CPU.ActiveCfg = Debug|Any CPU
		{1A94A50E-06DC-43C1-80B5-B662820EC3EB}.Debug|Any CPU.Build.0 = Debug|Any CPU
		{1A94A50E-06DC-43C1-80B5-B662820EC3EB}.Release|Any CPU.ActiveCfg = Release|Any CPU
		{1A94A50E-06DC-43C1-80B5-B662820EC3EB}.Release|Any CPU.Build.0 = Release|Any CPU
		{C956DD76-69C8-4A9C-83EA-D17DF83340FD}.Debug|Any CPU.ActiveCfg = Debug|Any CPU
		{C956DD76-69C8-4A9C-83EA-D17DF83340FD}.Debug|Any CPU.Build.0 = Debug|Any CPU
		{C956DD76-69C8-4A9C-83EA-D17DF83340FD}.Release|Any CPU.ActiveCfg = Release|Any CPU
		{C956DD76-69C8-4A9C-83EA-D17DF83340FD}.Release|Any CPU.Build.0 = Release|Any CPU
		{068855E8-9240-4F1A-910B-CF825794513B}.Debug|Any CPU.ActiveCfg = Debug|Any CPU
		{068855E8-9240-4F1A-910B-CF825794513B}.Debug|Any CPU.Build.0 = Debug|Any CPU
		{068855E8-9240-4F1A-910B-CF825794513B}.Release|Any CPU.ActiveCfg = Release|Any CPU
		{068855E8-9240-4F1A-910B-CF825794513B}.Release|Any CPU.Build.0 = Release|Any CPU
		{50B2631D-129C-47B3-A587-029CCD6099BC}.Debug|Any CPU.ActiveCfg = Debug|Any CPU
		{50B2631D-129C-47B3-A587-029CCD6099BC}.Debug|Any CPU.Build.0 = Debug|Any CPU
		{50B2631D-129C-47B3-A587-029CCD6099BC}.Release|Any CPU.ActiveCfg = Release|Any CPU
		{50B2631D-129C-47B3-A587-029CCD6099BC}.Release|Any CPU.Build.0 = Release|Any CPU
		{5F1B28C6-8D0C-4155-92D0-252F7EA5F674}.Debug|Any CPU.ActiveCfg = Debug|Any CPU
		{5F1B28C6-8D0C-4155-92D0-252F7EA5F674}.Debug|Any CPU.Build.0 = Debug|Any CPU
		{5F1B28C6-8D0C-4155-92D0-252F7EA5F674}.Release|Any CPU.ActiveCfg = Release|Any CPU
		{5F1B28C6-8D0C-4155-92D0-252F7EA5F674}.Release|Any CPU.Build.0 = Release|Any CPU
		{42F719ED-8413-4895-B5B4-5AB56079BC66}.Debug|Any CPU.ActiveCfg = Debug|Any CPU
		{42F719ED-8413-4895-B5B4-5AB56079BC66}.Debug|Any CPU.Build.0 = Debug|Any CPU
		{42F719ED-8413-4895-B5B4-5AB56079BC66}.Release|Any CPU.ActiveCfg = Release|Any CPU
		{42F719ED-8413-4895-B5B4-5AB56079BC66}.Release|Any CPU.Build.0 = Release|Any CPU
		{520659C8-C734-4298-A3DA-B539DB9DFC0B}.Debug|Any CPU.ActiveCfg = Debug|Any CPU
		{520659C8-C734-4298-A3DA-B539DB9DFC0B}.Debug|Any CPU.Build.0 = Debug|Any CPU
		{520659C8-C734-4298-A3DA-B539DB9DFC0B}.Release|Any CPU.ActiveCfg = Release|Any CPU
		{520659C8-C734-4298-A3DA-B539DB9DFC0B}.Release|Any CPU.Build.0 = Release|Any CPU
		{4164BDF7-F527-4E85-9CE6-E3C2D7426A27}.Debug|Any CPU.ActiveCfg = Debug|Any CPU
		{4164BDF7-F527-4E85-9CE6-E3C2D7426A27}.Debug|Any CPU.Build.0 = Debug|Any CPU
		{4164BDF7-F527-4E85-9CE6-E3C2D7426A27}.Release|Any CPU.ActiveCfg = Release|Any CPU
		{4164BDF7-F527-4E85-9CE6-E3C2D7426A27}.Release|Any CPU.Build.0 = Release|Any CPU
		{3B5A0094-670D-4BB1-BFDD-61B88A8773DC}.Debug|Any CPU.ActiveCfg = Debug|Any CPU
		{3B5A0094-670D-4BB1-BFDD-61B88A8773DC}.Debug|Any CPU.Build.0 = Debug|Any CPU
		{3B5A0094-670D-4BB1-BFDD-61B88A8773DC}.Release|Any CPU.ActiveCfg = Release|Any CPU
		{3B5A0094-670D-4BB1-BFDD-61B88A8773DC}.Release|Any CPU.Build.0 = Release|Any CPU
		{1FE30EB9-74A9-47F5-A9F6-7B1FAB672D81}.Debug|Any CPU.ActiveCfg = Debug|Any CPU
		{1FE30EB9-74A9-47F5-A9F6-7B1FAB672D81}.Debug|Any CPU.Build.0 = Debug|Any CPU
		{1FE30EB9-74A9-47F5-A9F6-7B1FAB672D81}.Release|Any CPU.ActiveCfg = Release|Any CPU
		{1FE30EB9-74A9-47F5-A9F6-7B1FAB672D81}.Release|Any CPU.Build.0 = Release|Any CPU
		{91853F21-9CD9-4132-BC29-A7D5D84FFFE7}.Debug|Any CPU.ActiveCfg = Debug|Any CPU
		{91853F21-9CD9-4132-BC29-A7D5D84FFFE7}.Debug|Any CPU.Build.0 = Debug|Any CPU
		{91853F21-9CD9-4132-BC29-A7D5D84FFFE7}.Release|Any CPU.ActiveCfg = Release|Any CPU
		{91853F21-9CD9-4132-BC29-A7D5D84FFFE7}.Release|Any CPU.Build.0 = Release|Any CPU
		{E512F4D9-9375-480F-A2F6-A46509F9D824}.Debug|Any CPU.ActiveCfg = Debug|Any CPU
		{E512F4D9-9375-480F-A2F6-A46509F9D824}.Debug|Any CPU.Build.0 = Debug|Any CPU
		{E512F4D9-9375-480F-A2F6-A46509F9D824}.Release|Any CPU.ActiveCfg = Release|Any CPU
		{E512F4D9-9375-480F-A2F6-A46509F9D824}.Release|Any CPU.Build.0 = Release|Any CPU
		{EF480016-9127-4916-8735-D2466BDBC582}.Debug|Any CPU.ActiveCfg = Debug|Any CPU
		{EF480016-9127-4916-8735-D2466BDBC582}.Debug|Any CPU.Build.0 = Debug|Any CPU
		{EF480016-9127-4916-8735-D2466BDBC582}.Release|Any CPU.ActiveCfg = Release|Any CPU
		{EF480016-9127-4916-8735-D2466BDBC582}.Release|Any CPU.Build.0 = Release|Any CPU
		{AA94D832-1CCC-4715-95A9-A483F23A1A5D}.Debug|Any CPU.ActiveCfg = Debug|Any CPU
		{AA94D832-1CCC-4715-95A9-A483F23A1A5D}.Debug|Any CPU.Build.0 = Debug|Any CPU
		{AA94D832-1CCC-4715-95A9-A483F23A1A5D}.Release|Any CPU.ActiveCfg = Release|Any CPU
		{AA94D832-1CCC-4715-95A9-A483F23A1A5D}.Release|Any CPU.Build.0 = Release|Any CPU
	EndGlobalSection
	GlobalSection(SolutionProperties) = preSolution
		HideSolutionNode = FALSE
	EndGlobalSection
	GlobalSection(NestedProjects) = preSolution
		{554AD327-6DBA-4F8F-96F8-81CE7A0C863F} = {CA9AC87F-097E-4F15-8393-4BC07735A5B0}
		{C70B72A7-AF93-479A-BD58-7A69FD3A7F77} = {CFEA5189-1A21-4E9F-A6ED-3C09A297FA6F}
		{7FFAC2F9-7AB3-4CDF-B2E7-4542F354B8A0} = {CFEA5189-1A21-4E9F-A6ED-3C09A297FA6F}
		{695B49AC-EF2E-44EE-B7B6-AC8B8EE778CA} = {CFEA5189-1A21-4E9F-A6ED-3C09A297FA6F}
		{6C11AB91-424A-4C14-99DD-54430E1672E0} = {CE0FCAA2-FDC9-4061-9F7F-2F388A33A382}
		{AF0B4EC2-AAA4-4FC2-8B54-37DE176690D1} = {CE0FCAA2-FDC9-4061-9F7F-2F388A33A382}
		{D1D91DA3-5215-4D95-9C48-9B41C0240D09} = {CE0FCAA2-FDC9-4061-9F7F-2F388A33A382}
		{BA44A32A-ABD7-4EF8-B0ED-3FADA6B50547} = {CE0FCAA2-FDC9-4061-9F7F-2F388A33A382}
		{8001159A-3E6B-4190-B673-B0D1F05C738D} = {CE0FCAA2-FDC9-4061-9F7F-2F388A33A382}
		{CFEA5189-1A21-4E9F-A6ED-3C09A297FA6F} = {04DBDB01-70F4-4E06-B468-8F87850B22BE}
		{CE0FCAA2-FDC9-4061-9F7F-2F388A33A382} = {A7BB9A19-4018-493B-8DA2-420A09693E3D}
		{1DEB76C8-519D-4AD2-8903-1980D008B0CE} = {E745CC67-2CA8-43A0-BC7D-B686397E6A15}
		{B0F5918F-FA99-41CD-A97E-AE07E745699B} = {E745CC67-2CA8-43A0-BC7D-B686397E6A15}
		{1E92AA0C-4429-4E27-B7C6-91BBE0562313} = {E745CC67-2CA8-43A0-BC7D-B686397E6A15}
		{6A6D9720-2F13-4E73-82E7-0637ED6515D6} = {E745CC67-2CA8-43A0-BC7D-B686397E6A15}
		{79E4B63D-061D-4E0B-805A-D6C66C7A2DD6} = {E745CC67-2CA8-43A0-BC7D-B686397E6A15}
		{A49ABB76-2DA9-4C82-9164-6AE84B05EA64} = {75C75F73-69B5-43C8-B0D0-3C8B52752AEF}
		{6C0C579B-A41E-42D2-852C-EC384F23AEEC} = {75C75F73-69B5-43C8-B0D0-3C8B52752AEF}
		{C915C591-AC30-43F6-8C48-1DD725C1A373} = {75C75F73-69B5-43C8-B0D0-3C8B52752AEF}
		{907EB295-D048-4777-BB75-32133ECD52C4} = {75C75F73-69B5-43C8-B0D0-3C8B52752AEF}
		{A2B0D7E8-A708-4733-BC64-51050482C599} = {75C75F73-69B5-43C8-B0D0-3C8B52752AEF}
		{A73A394F-0918-478A-BD45-DE10C1470A93} = {75C75F73-69B5-43C8-B0D0-3C8B52752AEF}
		{8B5A04EF-0CDD-47EE-AD66-13D3F6322C0C} = {75C75F73-69B5-43C8-B0D0-3C8B52752AEF}
		{A359BF85-EBEC-451B-8A6E-EAF99553647F} = {75C75F73-69B5-43C8-B0D0-3C8B52752AEF}
		{94DF0B17-2441-4FB9-B2AC-614431578406} = {75C75F73-69B5-43C8-B0D0-3C8B52752AEF}
		{E745CC67-2CA8-43A0-BC7D-B686397E6A15} = {04DBDB01-70F4-4E06-B468-8F87850B22BE}
		{75C75F73-69B5-43C8-B0D0-3C8B52752AEF} = {A7BB9A19-4018-493B-8DA2-420A09693E3D}
		{1A94A50E-06DC-43C1-80B5-B662820EC3EB} = {CA9AC87F-097E-4F15-8393-4BC07735A5B0}
		{C956DD76-69C8-4A9C-83EA-D17DF83340FD} = {CA9AC87F-097E-4F15-8393-4BC07735A5B0}
		{068855E8-9240-4F1A-910B-CF825794513B} = {CA9AC87F-097E-4F15-8393-4BC07735A5B0}
		{50B2631D-129C-47B3-A587-029CCD6099BC} = {04DBDB01-70F4-4E06-B468-8F87850B22BE}
		{5F1B28C6-8D0C-4155-92D0-252F7EA5F674} = {04DBDB01-70F4-4E06-B468-8F87850B22BE}
		{42F719ED-8413-4895-B5B4-5AB56079BC66} = {CA9AC87F-097E-4F15-8393-4BC07735A5B0}
		{520659C8-C734-4298-A3DA-B539DB9DFC0B} = {CA9AC87F-097E-4F15-8393-4BC07735A5B0}
		{4164BDF7-F527-4E85-9CE6-E3C2D7426A27} = {CA9AC87F-097E-4F15-8393-4BC07735A5B0}
		{3B5A0094-670D-4BB1-BFDD-61B88A8773DC} = {CA9AC87F-097E-4F15-8393-4BC07735A5B0}
		{1FE30EB9-74A9-47F5-A9F6-7B1FAB672D81} = {04DBDB01-70F4-4E06-B468-8F87850B22BE}
		{91853F21-9CD9-4132-BC29-A7D5D84FFFE7} = {04DBDB01-70F4-4E06-B468-8F87850B22BE}
		{E512F4D9-9375-480F-A2F6-A46509F9D824} = {04DBDB01-70F4-4E06-B468-8F87850B22BE}
		{EF480016-9127-4916-8735-D2466BDBC582} = {04DBDB01-70F4-4E06-B468-8F87850B22BE}
		{AA94D832-1CCC-4715-95A9-A483F23A1A5D} = {CA9AC87F-097E-4F15-8393-4BC07735A5B0}
	EndGlobalSection
	GlobalSection(ExtensibilityGlobals) = postSolution
		SolutionGuid = {28315BFD-90E7-4E14-A2EA-F3D23AF4126F}
	EndGlobalSection
EndGlobal
